
Microsoft Visual Studio Solution File, Format Version 12.00
# Visual Studio 15
VisualStudioVersion = 15.0.27428.2011
MinimumVisualStudioVersion = 10.0.40219.1
Project("{FAE04EC0-301F-11D3-BF4B-00C04F79EFBC}") = "JsonXpander", "JsonXpander\JsonXpander.csproj", "{FD417125-E775-4F98-94AC-0C34935A5C8D}"
EndProject
Project("{9A19103F-16F7-4668-BE54-9A1E7A4F7556}") = "Newtonsoft.Json", "JsonXpander\Newtonsoft.Json\Newtonsoft.Json.csproj", "{A496C1E4-FA5C-4938-A3C7-55553DCD209A}"
EndProject
Global
	GlobalSection(SolutionConfigurationPlatforms) = preSolution
		Debug|Any CPU = Debug|Any CPU
		Release|Any CPU = Release|Any CPU
	EndGlobalSection
	GlobalSection(ProjectConfigurationPlatforms) = postSolution
		{FD417125-E775-4F98-94AC-0C34935A5C8D}.Debug|Any CPU.ActiveCfg = Debug|Any CPU
		{FD417125-E775-4F98-94AC-0C34935A5C8D}.Debug|Any CPU.Build.0 = Debug|Any CPU
		{FD417125-E775-4F98-94AC-0C34935A5C8D}.Release|Any CPU.ActiveCfg = Release|Any CPU
		{FD417125-E775-4F98-94AC-0C34935A5C8D}.Release|Any CPU.Build.0 = Release|Any CPU
		{A496C1E4-FA5C-4938-A3C7-55553DCD209A}.Debug|Any CPU.ActiveCfg = Debug|Any CPU
		{A496C1E4-FA5C-4938-A3C7-55553DCD209A}.Debug|Any CPU.Build.0 = Debug|Any CPU
		{A496C1E4-FA5C-4938-A3C7-55553DCD209A}.Release|Any CPU.ActiveCfg = Release|Any CPU
		{A496C1E4-FA5C-4938-A3C7-55553DCD209A}.Release|Any CPU.Build.0 = Release|Any CPU
	EndGlobalSection
	GlobalSection(SolutionProperties) = preSolution
		HideSolutionNode = FALSE
	EndGlobalSection
	GlobalSection(ExtensibilityGlobals) = postSolution
		SolutionGuid = {8385C223-C11F-4D47-AC20-0E70B2850AAB}
	EndGlobalSection
EndGlobal
